
Microsoft Visual Studio Solution File, Format Version 12.00
# Visual Studio Version 16
VisualStudioVersion = 16.0.30011.22
MinimumVisualStudioVersion = 10.0.40219.1
Project("{8BC9CEB8-8B4A-11D0-8D11-00A0C91BC942}") = "kmd_basic", "kmd_basic\kmd_basic.vcxproj", "{17DA4324-4AD1-40CC-B796-43B2B0F29027}"
EndProject
Project("{8BC9CEB8-8B4A-11D0-8D11-00A0C91BC942}") = "hideProc", "hideProc\hideProc.vcxproj", "{1A50E23A-FEED-498E-AAEF-1D2A269DD45B}"
EndProject
Project("{8BC9CEB8-8B4A-11D0-8D11-00A0C91BC942}") = "hideDriver", "hideDriver\hideDriver.vcxproj", "{B35968FB-86FF-497B-AE38-F85793624938}"
EndProject
Global
	GlobalSection(SolutionConfigurationPlatforms) = preSolution
		Debug|ARM = Debug|ARM
		Debug|ARM64 = Debug|ARM64
		Debug|x64 = Debug|x64
		Debug|x86 = Debug|x86
		Release|ARM = Release|ARM
		Release|ARM64 = Release|ARM64
		Release|x64 = Release|x64
		Release|x86 = Release|x86
	EndGlobalSection
	GlobalSection(ProjectConfigurationPlatforms) = postSolution
		{17DA4324-4AD1-40CC-B796-43B2B0F29027}.Debug|ARM.ActiveCfg = Debug|ARM
		{17DA4324-4AD1-40CC-B796-43B2B0F29027}.Debug|ARM.Build.0 = Debug|ARM
		{17DA4324-4AD1-40CC-B796-43B2B0F29027}.Debug|ARM.Deploy.0 = Debug|ARM
		{17DA4324-4AD1-40CC-B796-43B2B0F29027}.Debug|ARM64.ActiveCfg = Debug|ARM64
		{17DA4324-4AD1-40CC-B796-43B2B0F29027}.Debug|ARM64.Build.0 = Debug|ARM64
		{17DA4324-4AD1-40CC-B796-43B2B0F29027}.Debug|ARM64.Deploy.0 = Debug|ARM64
		{17DA4324-4AD1-40CC-B796-43B2B0F29027}.Debug|x64.ActiveCfg = Debug|x64
		{17DA4324-4AD1-40CC-B796-43B2B0F29027}.Debug|x64.Build.0 = Debug|x64
		{17DA4324-4AD1-40CC-B796-43B2B0F29027}.Debug|x64.Deploy.0 = Debug|x64
		{17DA4324-4AD1-40CC-B796-43B2B0F29027}.Debug|x86.ActiveCfg = Debug|Win32
		{17DA4324-4AD1-40CC-B796-43B2B0F29027}.Debug|x86.Build.0 = Debug|Win32
		{17DA4324-4AD1-40CC-B796-43B2B0F29027}.Debug|x86.Deploy.0 = Debug|Win32
		{17DA4324-4AD1-40CC-B796-43B2B0F29027}.Release|ARM.ActiveCfg = Release|ARM
		{17DA4324-4AD1-40CC-B796-43B2B0F29027}.Release|ARM.Build.0 = Release|ARM
		{17DA4324-4AD1-40CC-B796-43B2B0F29027}.Release|ARM.Deploy.0 = Release|ARM
		{17DA4324-4AD1-40CC-B796-43B2B0F29027}.Release|ARM64.ActiveCfg = Release|ARM64
		{17DA4324-4AD1-40CC-B796-43B2B0F29027}.Release|ARM64.Build.0 = Release|ARM64
		{17DA4324-4AD1-40CC-B796-43B2B0F29027}.Release|ARM64.Deploy.0 = Release|ARM64
		{17DA4324-4AD1-40CC-B796-43B2B0F29027}.Release|x64.ActiveCfg = Release|x64
		{17DA4324-4AD1-40CC-B796-43B2B0F29027}.Release|x64.Build.0 = Release|x64
		{17DA4324-4AD1-40CC-B796-43B2B0F29027}.Release|x64.Deploy.0 = Release|x64
		{17DA4324-4AD1-40CC-B796-43B2B0F29027}.Release|x86.ActiveCfg = Release|Win32
		{17DA4324-4AD1-40CC-B796-43B2B0F29027}.Release|x86.Build.0 = Release|Win32
		{17DA4324-4AD1-40CC-B796-43B2B0F29027}.Release|x86.Deploy.0 = Release|Win32
		{1A50E23A-FEED-498E-AAEF-1D2A269DD45B}.Debug|ARM.ActiveCfg = Debug|ARM
		{1A50E23A-FEED-498E-AAEF-1D2A269DD45B}.Debug|ARM.Build.0 = Debug|ARM
		{1A50E23A-FEED-498E-AAEF-1D2A269DD45B}.Debug|ARM.Deploy.0 = Debug|ARM
		{1A50E23A-FEED-498E-AAEF-1D2A269DD45B}.Debug|ARM64.ActiveCfg = Debug|ARM64
		{1A50E23A-FEED-498E-AAEF-1D2A269DD45B}.Debug|ARM64.Build.0 = Debug|ARM64
		{1A50E23A-FEED-498E-AAEF-1D2A269DD45B}.Debug|ARM64.Deploy.0 = Debug|ARM64
		{1A50E23A-FEED-498E-AAEF-1D2A269DD45B}.Debug|x64.ActiveCfg = Debug|x64
		{1A50E23A-FEED-498E-AAEF-1D2A269DD45B}.Debug|x64.Build.0 = Debug|x64
		{1A50E23A-FEED-498E-AAEF-1D2A269DD45B}.Debug|x64.Deploy.0 = Debug|x64
		{1A50E23A-FEED-498E-AAEF-1D2A269DD45B}.Debug|x86.ActiveCfg = Debug|Win32
		{1A50E23A-FEED-498E-AAEF-1D2A269DD45B}.Debug|x86.Build.0 = Debug|Win32
		{1A50E23A-FEED-498E-AAEF-1D2A269DD45B}.Debug|x86.Deploy.0 = Debug|Win32
		{1A50E23A-FEED-498E-AAEF-1D2A269DD45B}.Release|ARM.ActiveCfg = Release|ARM
		{1A50E23A-FEED-498E-AAEF-1D2A269DD45B}.Release|ARM.Build.0 = Release|ARM
		{1A50E23A-FEED-498E-AAEF-1D2A269DD45B}.Release|ARM.Deploy.0 = Release|ARM
		{1A50E23A-FEED-498E-AAEF-1D2A269DD45B}.Release|ARM64.ActiveCfg = Release|ARM64
		{1A50E23A-FEED-498E-AAEF-1D2A269DD45B}.Release|ARM64.Build.0 = Release|ARM64
		{1A50E23A-FEED-498E-AAEF-1D2A269DD45B}.Release|ARM64.Deploy.0 = Release|ARM64
		{1A50E23A-FEED-498E-AAEF-1D2A269DD45B}.Release|x64.ActiveCfg = Release|x64
		{1A50E23A-FEED-498E-AAEF-1D2A269DD45B}.Release|x64.Build.0 = Release|x64
		{1A50E23A-FEED-498E-AAEF-1D2A269DD45B}.Release|x64.Deploy.0 = Release|x64
		{1A50E23A-FEED-498E-AAEF-1D2A269DD45B}.Release|x86.ActiveCfg = Release|Win32
		{1A50E23A-FEED-498E-AAEF-1D2A269DD45B}.Release|x86.Build.0 = Release|Win32
		{1A50E23A-FEED-498E-AAEF-1D2A269DD45B}.Release|x86.Deploy.0 = Release|Win32
		{B35968FB-86FF-497B-AE38-F85793624938}.Debug|ARM.ActiveCfg = Debug|ARM
		{B35968FB-86FF-497B-AE38-F85793624938}.Debug|ARM.Build.0 = Debug|ARM
		{B35968FB-86FF-497B-AE38-F85793624938}.Debug|ARM.Deploy.0 = Debug|ARM
		{B35968FB-86FF-497B-AE38-F85793624938}.Debug|ARM64.ActiveCfg = Debug|ARM64
		{B35968FB-86FF-497B-AE38-F85793624938}.Debug|ARM64.Build.0 = Debug|ARM64
		{B35968FB-86FF-497B-AE38-F85793624938}.Debug|ARM64.Deploy.0 = Debug|ARM64
		{B35968FB-86FF-497B-AE38-F85793624938}.Debug|x64.ActiveCfg = Debug|x64
		{B35968FB-86FF-497B-AE38-F85793624938}.Debug|x64.Build.0 = Debug|x64
		{B35968FB-86FF-497B-AE38-F85793624938}.Debug|x64.Deploy.0 = Debug|x64
		{B35968FB-86FF-497B-AE38-F85793624938}.Debug|x86.ActiveCfg = Debug|Win32
		{B35968FB-86FF-497B-AE38-F85793624938}.Debug|x86.Build.0 = Debug|Win32
		{B35968FB-86FF-497B-AE38-F85793624938}.Debug|x86.Deploy.0 = Debug|Win32
		{B35968FB-86FF-497B-AE38-F85793624938}.Release|ARM.ActiveCfg = Release|ARM
		{B35968FB-86FF-497B-AE38-F85793624938}.Release|ARM.Build.0 = Release|ARM
		{B35968FB-86FF-497B-AE38-F85793624938}.Release|ARM.Deploy.0 = Release|ARM
		{B35968FB-86FF-497B-AE38-F85793624938}.Release|ARM64.ActiveCfg = Release|ARM64
		{B35968FB-86FF-497B-AE38-F85793624938}.Release|ARM64.Build.0 = Release|ARM64
		{B35968FB-86FF-497B-AE38-F85793624938}.Release|ARM64.Deploy.0 = Release|ARM64
		{B35968FB-86FF-497B-AE38-F85793624938}.Release|x64.ActiveCfg = Release|x64
		{B35968FB-86FF-497B-AE38-F85793624938}.Release|x64.Build.0 = Release|x64
		{B35968FB-86FF-497B-AE38-F85793624938}.Release|x64.Deploy.0 = Release|x64
		{B35968FB-86FF-497B-AE38-F85793624938}.Release|x86.ActiveCfg = Release|Win32
		{B35968FB-86FF-497B-AE38-F85793624938}.Release|x86.Build.0 = Release|Win32
		{B35968FB-86FF-497B-AE38-F85793624938}.Release|x86.Deploy.0 = Release|Win32
	EndGlobalSection
	GlobalSection(SolutionProperties) = preSolution
		HideSolutionNode = FALSE
	EndGlobalSection
	GlobalSection(ExtensibilityGlobals) = postSolution
		SolutionGuid = {295FAAB2-CF53-4026-B3E1-E51F1462A128}
	EndGlobalSection
EndGlobal
